// !$*UTF8*$!
{
	archiveVersion = 1;
	classes = {
	};
	objectVersion = 56;
	objects = {

/* Begin PBXBuildFile section */
		ED5EFF0429D0C7000092546C /* URLImageViewSwiftUIApp.swift in Sources */ = {isa = PBXBuildFile; fileRef = ED5EFF0329D0C7000092546C /* URLImageViewSwiftUIApp.swift */; };
		ED5EFF0629D0C7000092546C /* ContentView.swift in Sources */ = {isa = PBXBuildFile; fileRef = ED5EFF0529D0C7000092546C /* ContentView.swift */; };
		ED5EFF0829D0C7010092546C /* Assets.xcassets in Resources */ = {isa = PBXBuildFile; fileRef = ED5EFF0729D0C7010092546C /* Assets.xcassets */; };
		ED5EFF0B29D0C7010092546C /* Preview Assets.xcassets in Resources */ = {isa = PBXBuildFile; fileRef = ED5EFF0A29D0C7010092546C /* Preview Assets.xcassets */; };
		ED5EFF1329D0C7230092546C /* URLImageView.swift in Sources */ = {isa = PBXBuildFile; fileRef = ED5EFF1229D0C7230092546C /* URLImageView.swift */; };
		ED5EFF1629D0C7AE0092546C /* ImageLoader.swift in Sources */ = {isa = PBXBuildFile; fileRef = ED5EFF1529D0C7AE0092546C /* ImageLoader.swift */; };
		ED5EFF1929D0CC550092546C /* StarView.swift in Sources */ = {isa = PBXBuildFile; fileRef = ED5EFF1829D0CC550092546C /* StarView.swift */; };
		ED5EFF1C29D0CE820092546C /* StarViewRepresentation.swift in Sources */ = {isa = PBXBuildFile; fileRef = ED5EFF1B29D0CE820092546C /* StarViewRepresentation.swift */; };
/* End PBXBuildFile section */

/* Begin PBXFileReference section */
		ED5EFF0029D0C7000092546C /* URLImageViewSwiftUI.app */ = {isa = PBXFileReference; explicitFileType = wrapper.application; includeInIndex = 0; path = URLImageViewSwiftUI.app; sourceTree = BUILT_PRODUCTS_DIR; };
		ED5EFF0329D0C7000092546C /* URLImageViewSwiftUIApp.swift */ = {isa = PBXFileReference; lastKnownFileType = sourcecode.swift; path = URLImageViewSwiftUIApp.swift; sourceTree = "<group>"; };
		ED5EFF0529D0C7000092546C /* ContentView.swift */ = {isa = PBXFileReference; lastKnownFileType = sourcecode.swift; path = ContentView.swift; sourceTree = "<group>"; };
		ED5EFF0729D0C7010092546C /* Assets.xcassets */ = {isa = PBXFileReference; lastKnownFileType = folder.assetcatalog; path = Assets.xcassets; sourceTree = "<group>"; };
		ED5EFF0A29D0C7010092546C /* Preview Assets.xcassets */ = {isa = PBXFileReference; lastKnownFileType = folder.assetcatalog; path = "Preview Assets.xcassets"; sourceTree = "<group>"; };
		ED5EFF1229D0C7230092546C /* URLImageView.swift */ = {isa = PBXFileReference; lastKnownFileType = sourcecode.swift; path = URLImageView.swift; sourceTree = "<group>"; };
		ED5EFF1529D0C7AE0092546C /* ImageLoader.swift */ = {isa = PBXFileReference; lastKnownFileType = sourcecode.swift; path = ImageLoader.swift; sourceTree = "<group>"; };
		ED5EFF1829D0CC550092546C /* StarView.swift */ = {isa = PBXFileReference; lastKnownFileType = sourcecode.swift; path = StarView.swift; sourceTree = "<group>"; };
		ED5EFF1B29D0CE820092546C /* StarViewRepresentation.swift */ = {isa = PBXFileReference; lastKnownFileType = sourcecode.swift; path = StarViewRepresentation.swift; sourceTree = "<group>"; };
/* End PBXFileReference section */

/* Begin PBXFrameworksBuildPhase section */
		ED5EFEFD29D0C7000092546C /* Frameworks */ = {
			isa = PBXFrameworksBuildPhase;
			buildActionMask = 2147483647;
			files = (
			);
			runOnlyForDeploymentPostprocessing = 0;
		};
/* End PBXFrameworksBuildPhase section */

/* Begin PBXGroup section */
		ED5EFEF729D0C7000092546C = {
			isa = PBXGroup;
			children = (
				ED5EFF0229D0C7000092546C /* URLImageViewSwiftUI */,
				ED5EFF0129D0C7000092546C /* Products */,
			);
			sourceTree = "<group>";
		};
		ED5EFF0129D0C7000092546C /* Products */ = {
			isa = PBXGroup;
			children = (
				ED5EFF0029D0C7000092546C /* URLImageViewSwiftUI.app */,
			);
			name = Products;
			sourceTree = "<group>";
		};
		ED5EFF0229D0C7000092546C /* URLImageViewSwiftUI */ = {
			isa = PBXGroup;
			children = (
				ED5EFF1A29D0CE750092546C /* View Representations */,
				ED5EFF1729D0CC440092546C /* CustomViews */,
				ED5EFF1429D0C7A40092546C /* Services */,
				ED5EFF1129D0C7110092546C /* Views */,
				ED5EFF0329D0C7000092546C /* URLImageViewSwiftUIApp.swift */,
				ED5EFF0529D0C7000092546C /* ContentView.swift */,
				ED5EFF0729D0C7010092546C /* Assets.xcassets */,
				ED5EFF0929D0C7010092546C /* Preview Content */,
			);
			path = URLImageViewSwiftUI;
			sourceTree = "<group>";
		};
		ED5EFF0929D0C7010092546C /* Preview Content */ = {
			isa = PBXGroup;
			children = (
				ED5EFF0A29D0C7010092546C /* Preview Assets.xcassets */,
			);
			path = "Preview Content";
			sourceTree = "<group>";
		};
		ED5EFF1129D0C7110092546C /* Views */ = {
			isa = PBXGroup;
			children = (
				ED5EFF1229D0C7230092546C /* URLImageView.swift */,
			);
			path = Views;
			sourceTree = "<group>";
		};
		ED5EFF1429D0C7A40092546C /* Services */ = {
			isa = PBXGroup;
			children = (
				ED5EFF1529D0C7AE0092546C /* ImageLoader.swift */,
			);
			path = Services;
			sourceTree = "<group>";
		};
		ED5EFF1729D0CC440092546C /* CustomViews */ = {
			isa = PBXGroup;
			children = (
				ED5EFF1829D0CC550092546C /* StarView.swift */,
			);
			path = CustomViews;
			sourceTree = "<group>";
		};
		ED5EFF1A29D0CE750092546C /* View Representations */ = {
			isa = PBXGroup;
			children = (
				ED5EFF1B29D0CE820092546C /* StarViewRepresentation.swift */,
			);
			path = "View Representations";
			sourceTree = "<group>";
		};
/* End PBXGroup section */

/* Begin PBXNativeTarget section */
		ED5EFEFF29D0C7000092546C /* URLImageViewSwiftUI */ = {
			isa = PBXNativeTarget;
			buildConfigurationList = ED5EFF0E29D0C7010092546C /* Build configuration list for PBXNativeTarget "URLImageViewSwiftUI" */;
			buildPhases = (
				ED5EFEFC29D0C7000092546C /* Sources */,
				ED5EFEFD29D0C7000092546C /* Frameworks */,
				ED5EFEFE29D0C7000092546C /* Resources */,
			);
			buildRules = (
			);
			dependencies = (
			);
			name = URLImageViewSwiftUI;
			productName = URLImageViewSwiftUI;
			productReference = ED5EFF0029D0C7000092546C /* URLImageViewSwiftUI.app */;
			productType = "com.apple.product-type.application";
		};
/* End PBXNativeTarget section */

/* Begin PBXProject section */
		ED5EFEF829D0C7000092546C /* Project object */ = {
			isa = PBXProject;
			attributes = {
				BuildIndependentTargetsInParallel = 1;
				LastSwiftUpdateCheck = 1420;
				LastUpgradeCheck = 1420;
				TargetAttributes = {
					ED5EFEFF29D0C7000092546C = {
						CreatedOnToolsVersion = 14.2;
					};
				};
			};
			buildConfigurationList = ED5EFEFB29D0C7000092546C /* Build configuration list for PBXProject "URLImageViewSwiftUI" */;
			compatibilityVersion = "Xcode 14.0";
			developmentRegion = en;
			hasScannedForEncodings = 0;
			knownRegions = (
				en,
				Base,
			);
			mainGroup = ED5EFEF729D0C7000092546C;
			productRefGroup = ED5EFF0129D0C7000092546C /* Products */;
			projectDirPath = "";
			projectRoot = "";
			targets = (
				ED5EFEFF29D0C7000092546C /* URLImageViewSwiftUI */,
			);
		};
/* End PBXProject section */

/* Begin PBXResourcesBuildPhase section */
		ED5EFEFE29D0C7000092546C /* Resources */ = {
			isa = PBXResourcesBuildPhase;
			buildActionMask = 2147483647;
			files = (
				ED5EFF0B29D0C7010092546C /* Preview Assets.xcassets in Resources */,
				ED5EFF0829D0C7010092546C /* Assets.xcassets in Resources */,
			);
			runOnlyForDeploymentPostprocessing = 0;
		};
/* End PBXResourcesBuildPhase section */

/* Begin PBXSourcesBuildPhase section */
		ED5EFEFC29D0C7000092546C /* Sources */ = {
			isa = PBXSourcesBuildPhase;
			buildActionMask = 2147483647;
			files = (
				ED5EFF0629D0C7000092546C /* ContentView.swift in Sources */,
				ED5EFF0429D0C7000092546C /* URLImageViewSwiftUIApp.swift in Sources */,
				ED5EFF1629D0C7AE0092546C /* ImageLoader.swift in Sources */,
				ED5EFF1929D0CC550092546C /* StarView.swift in Sources */,
				ED5EFF1329D0C7230092546C /* URLImageView.swift in Sources */,
				ED5EFF1C29D0CE820092546C /* StarViewRepresentation.swift in Sources */,
			);
			runOnlyForDeploymentPostprocessing = 0;
		};
/* End PBXSourcesBuildPhase section */

/* Begin XCBuildConfiguration section */
		ED5EFF0C29D0C7010092546C /* Debug */ = {
			isa = XCBuildConfiguration;
			buildSettings = {
				ALWAYS_SEARCH_USER_PATHS = NO;
				CLANG_ANALYZER_NONNULL = YES;
				CLANG_ANALYZER_NUMBER_OBJECT_CONVERSION = YES_AGGRESSIVE;
				CLANG_CXX_LANGUAGE_STANDARD = "gnu++20";
				CLANG_ENABLE_MODULES = YES;
				CLANG_ENABLE_OBJC_ARC = YES;
				CLANG_ENABLE_OBJC_WEAK = YES;
				CLANG_WARN_BLOCK_CAPTURE_AUTORELEASING = YES;
				CLANG_WARN_BOOL_CONVERSION = YES;
				CLANG_WARN_COMMA = YES;
				CLANG_WARN_CONSTANT_CONVERSION = YES;
				CLANG_WARN_DEPRECATED_OBJC_IMPLEMENTATIONS = YES;
				CLANG_WARN_DIRECT_OBJC_ISA_USAGE = YES_ERROR;
				CLANG_WARN_DOCUMENTATION_COMMENTS = YES;
				CLANG_WARN_EMPTY_BODY = YES;
				CLANG_WARN_ENUM_CONVERSION = YES;
				CLANG_WARN_INFINITE_RECURSION = YES;
				CLANG_WARN_INT_CONVERSION = YES;
				CLANG_WARN_NON_LITERAL_NULL_CONVERSION = YES;
				CLANG_WARN_OBJC_IMPLICIT_RETAIN_SELF = YES;
				CLANG_WARN_OBJC_LITERAL_CONVERSION = YES;
				CLANG_WARN_OBJC_ROOT_CLASS = YES_ERROR;
				CLANG_WARN_QUOTED_INCLUDE_IN_FRAMEWORK_HEADER = YES;
				CLANG_WARN_RANGE_LOOP_ANALYSIS = YES;
				CLANG_WARN_STRICT_PROTOTYPES = YES;
				CLANG_WARN_SUSPICIOUS_MOVE = YES;
				CLANG_WARN_UNGUARDED_AVAILABILITY = YES_AGGRESSIVE;
				CLANG_WARN_UNREACHABLE_CODE = YES;
				CLANG_WARN__DUPLICATE_METHOD_MATCH = YES;
				COPY_PHASE_STRIP = NO;
				DEBUG_INFORMATION_FORMAT = dwarf;
				ENABLE_STRICT_OBJC_MSGSEND = YES;
				ENABLE_TESTABILITY = YES;
				GCC_C_LANGUAGE_STANDARD = gnu11;
				GCC_DYNAMIC_NO_PIC = NO;
				GCC_NO_COMMON_BLOCKS = YES;
				GCC_OPTIMIZATION_LEVEL = 0;
				GCC_PREPROCESSOR_DEFINITIONS = (
					"DEBUG=1",
					"$(inherited)",
				);
				GCC_WARN_64_TO_32_BIT_CONVERSION = YES;
				GCC_WARN_ABOUT_RETURN_TYPE = YES_ERROR;
				GCC_WARN_UNDECLARED_SELECTOR = YES;
				GCC_WARN_UNINITIALIZED_AUTOS = YES_AGGRESSIVE;
				GCC_WARN_UNUSED_FUNCTION = YES;
				GCC_WARN_UNUSED_VARIABLE = YES;
				IPHONEOS_DEPLOYMENT_TARGET = 16.2;
				MTL_ENABLE_DEBUG_INFO = INCLUDE_SOURCE;
				MTL_FAST_MATH = YES;
				ONLY_ACTIVE_ARCH = YES;
				SDKROOT = iphoneos;
				SWIFT_ACTIVE_COMPILATION_CONDITIONS = DEBUG;
				SWIFT_OPTIMIZATION_LEVEL = "-Onone";
			};
			name = Debug;
		};
		ED5EFF0D29D0C7010092546C /* Release */ = {
			isa = XCBuildConfiguration;
			buildSettings = {
				ALWAYS_SEARCH_USER_PATHS = NO;
				CLANG_ANALYZER_NONNULL = YES;
				CLANG_ANALYZER_NUMBER_OBJECT_CONVERSION = YES_AGGRESSIVE;
				CLANG_CXX_LANGUAGE_STANDARD = "gnu++20";
				CLANG_ENABLE_MODULES = YES;
				CLANG_ENABLE_OBJC_ARC = YES;
				CLANG_ENABLE_OBJC_WEAK = YES;
				CLANG_WARN_BLOCK_CAPTURE_AUTORELEASING = YES;
				CLANG_WARN_BOOL_CONVERSION = YES;
				CLANG_WARN_COMMA = YES;
				CLANG_WARN_CONSTANT_CONVERSION = YES;
				CLANG_WARN_DEPRECATED_OBJC_IMPLEMENTATIONS = YES;
				CLANG_WARN_DIRECT_OBJC_ISA_USAGE = YES_ERROR;
				CLANG_WARN_DOCUMENTATION_COMMENTS = YES;
				CLANG_WARN_EMPTY_BODY = YES;
				CLANG_WARN_ENUM_CONVERSION = YES;
				CLANG_WARN_INFINITE_RECURSION = YES;
				CLANG_WARN_INT_CONVERSION = YES;
				CLANG_WARN_NON_LITERAL_NULL_CONVERSION = YES;
				CLANG_WARN_OBJC_IMPLICIT_RETAIN_SELF = YES;
				CLANG_WARN_OBJC_LITERAL_CONVERSION = YES;
				CLANG_WARN_OBJC_ROOT_CLASS = YES_ERROR;
				CLANG_WARN_QUOTED_INCLUDE_IN_FRAMEWORK_HEADER = YES;
				CLANG_WARN_RANGE_LOOP_ANALYSIS = YES;
				CLANG_WARN_STRICT_PROTOTYPES = YES;
				CLANG_WARN_SUSPICIOUS_MOVE = YES;
				CLANG_WARN_UNGUARDED_AVAILABILITY = YES_AGGRESSIVE;
				CLANG_WARN_UNREACHABLE_CODE = YES;
				CLANG_WARN__DUPLICATE_METHOD_MATCH = YES;
				COPY_PHASE_STRIP = NO;
				DEBUG_INFORMATION_FORMAT = "dwarf-with-dsym";
				ENABLE_NS_ASSERTIONS = NO;
				ENABLE_STRICT_OBJC_MSGSEND = YES;
				GCC_C_LANGUAGE_STANDARD = gnu11;
				GCC_NO_COMMON_BLOCKS = YES;
				GCC_WARN_64_TO_32_BIT_CONVERSION = YES;
				GCC_WARN_ABOUT_RETURN_TYPE = YES_ERROR;
				GCC_WARN_UNDECLARED_SELECTOR = YES;
				GCC_WARN_UNINITIALIZED_AUTOS = YES_AGGRESSIVE;
				GCC_WARN_UNUSED_FUNCTION = YES;
				GCC_WARN_UNUSED_VARIABLE = YES;
				IPHONEOS_DEPLOYMENT_TARGET = 16.2;
				MTL_ENABLE_DEBUG_INFO = NO;
				MTL_FAST_MATH = YES;
				SDKROOT = iphoneos;
				SWIFT_COMPILATION_MODE = wholemodule;
				SWIFT_OPTIMIZATION_LEVEL = "-O";
				VALIDATE_PRODUCT = YES;
			};
			name = Release;
		};
		ED5EFF0F29D0C7010092546C /* Debug */ = {
			isa = XCBuildConfiguration;
			buildSettings = {
				ASSETCATALOG_COMPILER_APPICON_NAME = AppIcon;
				ASSETCATALOG_COMPILER_GLOBAL_ACCENT_COLOR_NAME = AccentColor;
				CODE_SIGN_STYLE = Automatic;
				CURRENT_PROJECT_VERSION = 1;
				DEVELOPMENT_ASSET_PATHS = "\"URLImageViewSwiftUI/Preview Content\"";
				DEVELOPMENT_TEAM = H3PVH8B766;
				ENABLE_PREVIEWS = YES;
				GENERATE_INFOPLIST_FILE = YES;
				INFOPLIST_KEY_UIApplicationSceneManifest_Generation = YES;
				INFOPLIST_KEY_UIApplicationSupportsIndirectInputEvents = YES;
				INFOPLIST_KEY_UILaunchScreen_Generation = YES;
				INFOPLIST_KEY_UISupportedInterfaceOrientations_iPad = "UIInterfaceOrientationPortrait UIInterfaceOrientationPortraitUpsideDown UIInterfaceOrientationLandscapeLeft UIInterfaceOrientationLandscapeRight";
				INFOPLIST_KEY_UISupportedInterfaceOrientations_iPhone = "UIInterfaceOrientationPortrait UIInterfaceOrientationLandscapeLeft UIInterfaceOrientationLandscapeRight";
				LD_RUNPATH_SEARCH_PATHS = (
					"$(inherited)",
					"@executable_path/Frameworks",
				);
				MARKETING_VERSION = 1.0;
				PRODUCT_BUNDLE_IDENTIFIER = com.vojsicky.URLImageViewSwiftUI;
				PRODUCT_NAME = "$(TARGET_NAME)";
				SWIFT_EMIT_LOC_STRINGS = YES;
				SWIFT_VERSION = 5.0;
				TARGETED_DEVICE_FAMILY = "1,2";
			};
			name = Debug;
		};
		ED5EFF1029D0C7010092546C /* Release */ = {
			isa = XCBuildConfiguration;
			buildSettings = {
				ASSETCATALOG_COMPILER_APPICON_NAME = AppIcon;
				ASSETCATALOG_COMPILER_GLOBAL_ACCENT_COLOR_NAME = AccentColor;
				CODE_SIGN_STYLE = Automatic;
				CURRENT_PROJECT_VERSION = 1;
				DEVELOPMENT_ASSET_PATHS = "\"URLImageViewSwiftUI/Preview Content\"";
				DEVELOPMENT_TEAM = H3PVH8B766;
				ENABLE_PREVIEWS = YES;
				GENERATE_INFOPLIST_FILE = YES;
				INFOPLIST_KEY_UIApplicationSceneManifest_Generation = YES;
				INFOPLIST_KEY_UIApplicationSupportsIndirectInputEvents = YES;
				INFOPLIST_KEY_UILaunchScreen_Generation = YES;
				INFOPLIST_KEY_UISupportedInterfaceOrientations_iPad = "UIInterfaceOrientationPortrait UIInterfaceOrientationPortraitUpsideDown UIInterfaceOrientationLandscapeLeft UIInterfaceOrientationLandscapeRight";
				INFOPLIST_KEY_UISupportedInterfaceOrientations_iPhone = "UIInterfaceOrientationPortrait UIInterfaceOrientationLandscapeLeft UIInterfaceOrientationLandscapeRight";
				LD_RUNPATH_SEARCH_PATHS = (
					"$(inherited)",
					"@executable_path/Frameworks",
				);
				MARKETING_VERSION = 1.0;
				PRODUCT_BUNDLE_IDENTIFIER = com.vojsicky.URLImageViewSwiftUI;
				PRODUCT_NAME = "$(TARGET_NAME)";
				SWIFT_EMIT_LOC_STRINGS = YES;
				SWIFT_VERSION = 5.0;
				TARGETED_DEVICE_FAMILY = "1,2";
			};
			name = Release;
		};
/* End XCBuildConfiguration section */

/* Begin XCConfigurationList section */
		ED5EFEFB29D0C7000092546C /* Build configuration list for PBXProject "URLImageViewSwiftUI" */ = {
			isa = XCConfigurationList;
			buildConfigurations = (
				ED5EFF0C29D0C7010092546C /* Debug */,
				ED5EFF0D29D0C7010092546C /* Release */,
			);
			defaultConfigurationIsVisible = 0;
			defaultConfigurationName = Release;
		};
		ED5EFF0E29D0C7010092546C /* Build configuration list for PBXNativeTarget "URLImageViewSwiftUI" */ = {
			isa = XCConfigurationList;
			buildConfigurations = (
				ED5EFF0F29D0C7010092546C /* Debug */,
				ED5EFF1029D0C7010092546C /* Release */,
			);
			defaultConfigurationIsVisible = 0;
			defaultConfigurationName = Release;
		};
/* End XCConfigurationList section */
	};
	rootObject = ED5EFEF829D0C7000092546C /* Project object */;
}
